{
    "_meta": {
        "hash": {
            "sha256": "5c5f71d175847904ae690d2cb9e5db16cebfc20ec966f845db82cd4f264abaf0"
        },
        "pipfile-spec": 6,
        "requires": {
            "python_version": "3.8"
        },
        "sources": [
            {
                "name": "pypi",
                "url": "https://pypi.org/simple",
                "verify_ssl": true
            }
        ]
    },
    "default": {
        "upnpy": {
            "hashes": [
                "sha256:f43acab6271c25d8073d0e8549cd62a349abdd0a8cb9c21d036bea6132eb632e"
            ],
            "index": "pypi",
            "version": "==1.1.8"
        }
    },
    "develop": {}
}
